<?xml version="1.0" encoding="utf-8"?>
<Project ToolsVersion="4.0" xmlns="http://schemas.microsoft.com/developer/msbuild/2003">
  <ItemGroup>
    <Filter Include="00.System">
      <UniqueIdentifier>{8755817c-8a70-458a-97be-f0211e66a51c}</UniqueIdentifier>
    </Filter>
    <Filter Include="01.Utility">
      <UniqueIdentifier>{9085e4e5-7fe8-4945-84e4-69d1503175f7}</UniqueIdentifier>
    </Filter>
    <Filter Include="01.Utility\99.SuperClass">
      <UniqueIdentifier>{81ab0e6e-fa7e-4e1f-959f-3272f1f80550}</UniqueIdentifier>
    </Filter>
    <Filter Include="99.Defines">
      <UniqueIdentifier>{9831fe75-af7f-4f60-b4f1-1b1bc603e561}</UniqueIdentifier>
    </Filter>
    <Filter Include="00.System\00.Timer">
      <UniqueIdentifier>{e967ff87-235b-4f88-a167-fd46a9a46f27}</UniqueIdentifier>
    </Filter>
    <Filter Include="00.System\00.Timer\Manager">
      <UniqueIdentifier>{5156fc57-601e-4da5-a65c-900906d88707}</UniqueIdentifier>
    </Filter>
    <Filter Include="01.Utility\00.GameInstance">
      <UniqueIdentifier>{6cb939e1-82a6-4d63-92f3-ce362da2ffb1}</UniqueIdentifier>
    </Filter>
    <Filter Include="00.System\01.Device">
      <UniqueIdentifier>{511971cf-8ca2-4854-8d4e-f840557de19c}</UniqueIdentifier>
    </Filter>
    <Filter Include="00.System\01.Device\Graphic">
      <UniqueIdentifier>{48f63096-acfc-48fb-9aba-f9b9d04042dc}</UniqueIdentifier>
    </Filter>
    <Filter Include="01.Utility\01.Levels">
      <UniqueIdentifier>{9e7be568-2fce-4333-9502-6872d608cb95}</UniqueIdentifier>
    </Filter>
    <Filter Include="01.Utility\01.Levels\Manager">
      <UniqueIdentifier>{0738e517-c151-461c-92b9-d38dd6055e2b}</UniqueIdentifier>
    </Filter>
    <Filter Include="01.Utility\02.GameObject">
      <UniqueIdentifier>{4d240b87-c3c8-49b7-bdcb-9d634eaf42a5}</UniqueIdentifier>
    </Filter>
    <Filter Include="01.Utility\02.GameObject\Manager">
      <UniqueIdentifier>{810c7032-fd60-4e45-8e3b-5d481ecfdfa1}</UniqueIdentifier>
    </Filter>
    <Filter Include="01.Utility\02.GameObject\Manager\Layer">
      <UniqueIdentifier>{6fb35ef1-4067-451b-8cbd-57b638f190bf}</UniqueIdentifier>
    </Filter>
    <Filter Include="01.Utility\03.Component">
      <UniqueIdentifier>{852a3cda-b6a4-4b12-9306-1164b86b426f}</UniqueIdentifier>
    </Filter>
    <Filter Include="01.Utility\03.Component\Renderer">
      <UniqueIdentifier>{1e18b2fb-d6e0-4386-b3c6-d50201684691}</UniqueIdentifier>
    </Filter>
    <Filter Include="01.Utility\03.Component\Manager">
      <UniqueIdentifier>{25b7a930-f9bc-4b37-ac67-557f80ce807c}</UniqueIdentifier>
    </Filter>
    <Filter Include="01.Utility\03.Component\VIBuffer">
      <UniqueIdentifier>{35535fae-b542-4509-9af2-9fd07ea82880}</UniqueIdentifier>
    </Filter>
    <Filter Include="01.Utility\03.Component\VIBuffer\Rect">
      <UniqueIdentifier>{be25beea-683c-40c7-841f-cde92bb03323}</UniqueIdentifier>
    </Filter>
    <Filter Include="01.Utility\03.Component\Shader">
      <UniqueIdentifier>{744b9aea-a985-40aa-a06e-295075882473}</UniqueIdentifier>
    </Filter>
    <Filter Include="01.Utility\03.Component\Texture">
      <UniqueIdentifier>{962274bd-9642-4862-a4a5-e54a2ee77d8a}</UniqueIdentifier>
    </Filter>
    <Filter Include="01.Utility\03.Component\VIBuffer\Terrain">
      <UniqueIdentifier>{2b7cb02d-8920-4f91-8b10-359c9b4cff99}</UniqueIdentifier>
    </Filter>
    <Filter Include="01.Utility\03.Component\Transform">
      <UniqueIdentifier>{e04fe5a9-3ff8-4d68-ad28-0d2ec67b2176}</UniqueIdentifier>
    </Filter>
    <Filter Include="01.Utility\02.GameObject\Camera">
      <UniqueIdentifier>{176b175d-276a-4238-b288-78d90d32d4ea}</UniqueIdentifier>
    </Filter>
    <Filter Include="01.Utility\04.PipeLine">
      <UniqueIdentifier>{76449b93-c05b-4276-82f2-4d46543b554c}</UniqueIdentifier>
    </Filter>
    <Filter Include="00.System\01.Device\Input">
      <UniqueIdentifier>{a030bdc9-fe90-42bc-a574-3ff4fc1c7c5c}</UniqueIdentifier>
    </Filter>
    <Filter Include="01.Utility\05.Lights">
      <UniqueIdentifier>{b721b287-1207-4bc3-9eee-970c656988bd}</UniqueIdentifier>
    </Filter>
    <Filter Include="01.Utility\05.Lights\Manager">
      <UniqueIdentifier>{eece81b8-8456-4eee-bb7a-1b216d5df5e7}</UniqueIdentifier>
    </Filter>
    <Filter Include="01.Utility\03.Component\Model">
      <UniqueIdentifier>{c5aac343-3c1c-40be-811c-cd8de8c41c1f}</UniqueIdentifier>
    </Filter>
    <Filter Include="01.Utility\03.Component\Model\Mesh">
      <UniqueIdentifier>{d70cae22-6e5d-494e-8a21-5e2ae73ff437}</UniqueIdentifier>
    </Filter>
    <Filter Include="01.Utility\03.Component\Model\Bone">
      <UniqueIdentifier>{091001cc-ece3-40b4-a21e-2dc2ed21c654}</UniqueIdentifier>
    </Filter>
    <Filter Include="01.Utility\03.Component\Model\Animation">
      <UniqueIdentifier>{84f1ad50-ef45-4833-8812-feaebc85e23d}</UniqueIdentifier>
    </Filter>
    <Filter Include="01.Utility\03.Component\Model\Animation\Channel">
      <UniqueIdentifier>{bbc5a1f1-f7bd-4e50-967d-f46e72abb072}</UniqueIdentifier>
    </Filter>
    <Filter Include="01.Utility\03.Component\VIBuffer\Cube">
      <UniqueIdentifier>{f8a93ef6-9774-4860-8cc2-9bdf502f4fe1}</UniqueIdentifier>
    </Filter>
    <Filter Include="01.Utility\03.Component\Collider">
      <UniqueIdentifier>{15e3cc60-e957-4baa-b35d-766ad2b4ee4f}</UniqueIdentifier>
    </Filter>
    <Filter Include="01.Utility\03.Component\Navigation">
      <UniqueIdentifier>{fd44a308-2a06-4307-9f2d-ac879508e26e}</UniqueIdentifier>
    </Filter>
    <Filter Include="01.Utility\03.Component\Navigation\Cell">
      <UniqueIdentifier>{15094fcb-0d66-4838-b620-5a3929b78f48}</UniqueIdentifier>
    </Filter>
    <Filter Include="01.Utility\03.Component\VIBuffer\Cell">
      <UniqueIdentifier>{ba48c95b-95b8-43ec-88d0-6d5c64e70e6c}</UniqueIdentifier>
    </Filter>
    <Filter Include="01.Utility\03.Component\Navigation\Cell\Shader">
      <UniqueIdentifier>{3ca9d73b-6def-4679-a183-c2d97f50ce73}</UniqueIdentifier>
    </Filter>
    <Filter Include="01.Utility\06.Fonts">
      <UniqueIdentifier>{4851b28b-2b61-4fa1-b11a-aa7f55832a64}</UniqueIdentifier>
    </Filter>
    <Filter Include="01.Utility\06.Fonts\Manager">
      <UniqueIdentifier>{96360e10-de02-458b-b6af-b3db6932a7b5}</UniqueIdentifier>
    </Filter>
    <Filter Include="01.Utility\03.Component\VIBuffer\Instancing">
      <UniqueIdentifier>{ac04f2a9-d614-4b2f-8a93-2c792d69f0e6}</UniqueIdentifier>
    </Filter>
    <Filter Include="01.Utility\03.Component\VIBuffer\Instancing\Rect">
      <UniqueIdentifier>{6797271a-b6a2-4998-a51b-89a63d49c8da}</UniqueIdentifier>
    </Filter>
    <Filter Include="01.Utility\03.Component\VIBuffer\Instancing\Point">
      <UniqueIdentifier>{eff21cb5-5898-456b-86a0-d181c447f07e}</UniqueIdentifier>
    </Filter>
    <Filter Include="01.Utility\07.Frustum">
      <UniqueIdentifier>{55cf0970-272d-4dbf-8c26-d1e28e47a867}</UniqueIdentifier>
    </Filter>
    <Filter Include="01.Utility\03.Component\VIBuffer\Terrain\QuadTree">
      <UniqueIdentifier>{378d64fa-beff-4c7d-abb1-c1a547630a0a}</UniqueIdentifier>
    </Filter>
    <Filter Include="01.Utility\08.RenderTargets">
      <UniqueIdentifier>{7043b45a-408f-4e2f-a4f4-32afc2c098c9}</UniqueIdentifier>
    </Filter>
    <Filter Include="01.Utility\08.RenderTargets\Target">
      <UniqueIdentifier>{65d20c01-06ad-40c9-8b37-7c65411e7290}</UniqueIdentifier>
    </Filter>
    <Filter Include="01.Utility\03.Component\Renderer\DeferredShader">
      <UniqueIdentifier>{149b602b-47f2-4d16-a6cc-21ba906c6d22}</UniqueIdentifier>
    </Filter>
    <Filter Include="01.Utility\02.GameObject\AlphaBlend">
      <UniqueIdentifier>{29146f62-7cce-4851-8c59-b60186da7b74}</UniqueIdentifier>
    </Filter>
    <Filter Include="01.Utility\02.GameObject\Utility">
      <UniqueIdentifier>{9244b3d0-da73-4167-969d-a1f0d51eb3b4}</UniqueIdentifier>
    </Filter>
  </ItemGroup>
  <ItemGroup>
    <ClCompile Include="..\Private\Base.cpp">
      <Filter>01.Utility\99.SuperClass</Filter>
    </ClCompile>
    <ClCompile Include="..\Private\Timer.cpp">
      <Filter>00.System\00.Timer</Filter>
    </ClCompile>
    <ClCompile Include="..\Private\Timer_Manager.cpp">
      <Filter>00.System\00.Timer\Manager</Filter>
    </ClCompile>
    <ClCompile Include="..\private\GameInstance.cpp">
      <Filter>01.Utility\00.GameInstance</Filter>
    </ClCompile>
    <ClCompile Include="..\Private\Graphic_Device.cpp">
      <Filter>00.System\01.Device\Graphic</Filter>
    </ClCompile>
    <ClCompile Include="..\private\Level_Manager.cpp">
      <Filter>01.Utility\01.Levels\Manager</Filter>
    </ClCompile>
    <ClCompile Include="..\private\Level.cpp">
      <Filter>01.Utility\01.Levels</Filter>
    </ClCompile>
    <ClCompile Include="..\private\GameObject.cpp">
      <Filter>01.Utility\02.GameObject</Filter>
    </ClCompile>
    <ClCompile Include="..\private\Object_Manager.cpp">
      <Filter>01.Utility\02.GameObject\Manager</Filter>
    </ClCompile>
    <ClCompile Include="..\private\Layer.cpp">
      <Filter>01.Utility\02.GameObject\Manager\Layer</Filter>
    </ClCompile>
    <ClCompile Include="..\private\Component.cpp">
      <Filter>01.Utility\03.Component</Filter>
    </ClCompile>
    <ClCompile Include="..\private\Renderer.cpp">
      <Filter>01.Utility\03.Component\Renderer</Filter>
    </ClCompile>
    <ClCompile Include="..\private\Component_Manager.cpp">
      <Filter>01.Utility\03.Component\Manager</Filter>
    </ClCompile>
    <ClCompile Include="..\private\VIBuffer.cpp">
      <Filter>01.Utility\03.Component\VIBuffer</Filter>
    </ClCompile>
    <ClCompile Include="..\private\VIBuffer_Rect.cpp">
      <Filter>01.Utility\03.Component\VIBuffer\Rect</Filter>
    </ClCompile>
    <ClCompile Include="..\private\Shader.cpp">
      <Filter>01.Utility\03.Component\Shader</Filter>
    </ClCompile>
    <ClCompile Include="..\Public\Engine_Struct.cpp">
      <Filter>99.Defines</Filter>
    </ClCompile>
    <ClCompile Include="..\private\Texture.cpp">
      <Filter>01.Utility\03.Component\Texture</Filter>
    </ClCompile>
    <ClCompile Include="..\Private\ViBuffer_Terrain.cpp">
      <Filter>01.Utility\03.Component\VIBuffer\Terrain</Filter>
    </ClCompile>
    <ClCompile Include="..\private\Transform.cpp">
      <Filter>01.Utility\03.Component\Transform</Filter>
    </ClCompile>
    <ClCompile Include="..\private\Camera.cpp">
      <Filter>01.Utility\02.GameObject\Camera</Filter>
    </ClCompile>
    <ClCompile Include="..\private\PipeLine.cpp">
      <Filter>01.Utility\04.PipeLine</Filter>
    </ClCompile>
    <ClCompile Include="..\Private\Input_Device.cpp">
      <Filter>00.System\01.Device\Input</Filter>
    </ClCompile>
    <ClCompile Include="..\private\Light_Manager.cpp">
      <Filter>01.Utility\05.Lights\Manager</Filter>
    </ClCompile>
    <ClCompile Include="..\private\Light.cpp">
      <Filter>01.Utility\05.Lights</Filter>
    </ClCompile>
    <ClCompile Include="..\private\Model.cpp">
      <Filter>01.Utility\03.Component\Model</Filter>
    </ClCompile>
    <ClCompile Include="..\private\Mesh.cpp">
      <Filter>01.Utility\03.Component\Model\Mesh</Filter>
    </ClCompile>
    <ClCompile Include="..\private\Bone.cpp">
      <Filter>01.Utility\03.Component\Model\Bone</Filter>
    </ClCompile>
    <ClCompile Include="..\private\Animation.cpp">
      <Filter>01.Utility\03.Component\Model\Animation</Filter>
    </ClCompile>
    <ClCompile Include="..\private\Channel.cpp">
      <Filter>01.Utility\03.Component\Model\Animation\Channel</Filter>
    </ClCompile>
    <ClCompile Include="..\Private\VIBuffer_Cube.cpp">
      <Filter>01.Utility\03.Component\VIBuffer\Cube</Filter>
    </ClCompile>
    <ClCompile Include="..\private\Collider.cpp">
      <Filter>01.Utility\03.Component\Collider</Filter>
    </ClCompile>
    <ClCompile Include="..\Private\DebugDraw.cpp">
      <Filter>01.Utility\03.Component\Collider</Filter>
    </ClCompile>
    <ClCompile Include="..\private\Navigation.cpp">
      <Filter>01.Utility\03.Component\Navigation</Filter>
    </ClCompile>
    <ClCompile Include="..\private\Cell.cpp">
      <Filter>01.Utility\03.Component\Navigation\Cell</Filter>
    </ClCompile>
    <ClCompile Include="..\Private\VIBuffer_Cell.cpp">
      <Filter>01.Utility\03.Component\VIBuffer\Cell</Filter>
    </ClCompile>
    <ClCompile Include="..\private\Font_Manager.cpp">
      <Filter>01.Utility\06.Fonts\Manager</Filter>
    </ClCompile>
    <ClCompile Include="..\private\CustomFont.cpp">
      <Filter>01.Utility\06.Fonts</Filter>
    </ClCompile>
    <ClCompile Include="..\Private\VIBuffer_Rect_Instance.cpp">
      <Filter>01.Utility\03.Component\VIBuffer\Instancing\Rect</Filter>
    </ClCompile>
    <ClCompile Include="..\Private\VIBuffer_Point_Instance.cpp">
      <Filter>01.Utility\03.Component\VIBuffer\Instancing\Point</Filter>
    </ClCompile>
    <ClCompile Include="..\private\Frustum.cpp">
      <Filter>01.Utility\07.Frustum</Filter>
    </ClCompile>
    <ClCompile Include="..\private\QuadTree.cpp">
      <Filter>01.Utility\03.Component\VIBuffer\Terrain\QuadTree</Filter>
    </ClCompile>
    <ClCompile Include="..\private\Target_Manager.cpp">
      <Filter>01.Utility\08.RenderTargets</Filter>
    </ClCompile>
    <ClCompile Include="..\private\RenderTarget.cpp">
      <Filter>01.Utility\08.RenderTargets\Target</Filter>
    </ClCompile>
    <ClCompile Include="..\private\BlendObject.cpp">
      <Filter>01.Utility\02.GameObject\AlphaBlend</Filter>
    </ClCompile>
    <ClCompile Include="..\Private\Utility.cpp">
      <Filter>01.Utility\02.GameObject\Utility</Filter>
    </ClCompile>
  </ItemGroup>
  <ItemGroup>
    <ClInclude Include="..\Public\Base.h">
      <Filter>01.Utility\99.SuperClass</Filter>
    </ClInclude>
    <ClInclude Include="..\Public\Engine_Typedef.h">
      <Filter>99.Defines</Filter>
    </ClInclude>
    <ClInclude Include="..\Public\Engine_Defines.h">
      <Filter>99.Defines</Filter>
    </ClInclude>
    <ClInclude Include="..\Public\Engine_Struct.h">
      <Filter>99.Defines</Filter>
    </ClInclude>
    <ClInclude Include="..\Public\Engine_Function.h">
      <Filter>99.Defines</Filter>
    </ClInclude>
    <ClInclude Include="..\Public\Engine_Macro.h">
      <Filter>99.Defines</Filter>
    </ClInclude>
    <ClInclude Include="..\Public\Timer.h">
      <Filter>00.System\00.Timer</Filter>
    </ClInclude>
    <ClInclude Include="..\Public\Timer_Manager.h">
      <Filter>00.System\00.Timer\Manager</Filter>
    </ClInclude>
    <ClInclude Include="..\public\GameInstance.h">
      <Filter>01.Utility\00.GameInstance</Filter>
    </ClInclude>
    <ClInclude Include="..\Public\Graphic_Device.h">
      <Filter>00.System\01.Device\Graphic</Filter>
    </ClInclude>
    <ClInclude Include="..\public\Level_Manager.h">
      <Filter>01.Utility\01.Levels\Manager</Filter>
    </ClInclude>
    <ClInclude Include="..\public\Level.h">
      <Filter>01.Utility\01.Levels</Filter>
    </ClInclude>
    <ClInclude Include="..\public\GameObject.h">
      <Filter>01.Utility\02.GameObject</Filter>
    </ClInclude>
    <ClInclude Include="..\public\Object_Manager.h">
      <Filter>01.Utility\02.GameObject\Manager</Filter>
    </ClInclude>
    <ClInclude Include="..\public\Layer.h">
      <Filter>01.Utility\02.GameObject\Manager\Layer</Filter>
    </ClInclude>
    <ClInclude Include="..\public\Component.h">
      <Filter>01.Utility\03.Component</Filter>
    </ClInclude>
    <ClInclude Include="..\public\Renderer.h">
      <Filter>01.Utility\03.Component\Renderer</Filter>
    </ClInclude>
    <ClInclude Include="..\public\Component_Manager.h">
      <Filter>01.Utility\03.Component\Manager</Filter>
    </ClInclude>
    <ClInclude Include="..\public\VIBuffer.h">
      <Filter>01.Utility\03.Component\VIBuffer</Filter>
    </ClInclude>
    <ClInclude Include="..\public\VIBuffer_Rect.h">
      <Filter>01.Utility\03.Component\VIBuffer\Rect</Filter>
    </ClInclude>
    <ClInclude Include="..\public\Shader.h">
      <Filter>01.Utility\03.Component\Shader</Filter>
    </ClInclude>
    <ClInclude Include="..\public\Texture.h">
      <Filter>01.Utility\03.Component\Texture</Filter>
    </ClInclude>
    <ClInclude Include="..\Public\VIBuffer_Terrain.h">
      <Filter>01.Utility\03.Component\VIBuffer\Terrain</Filter>
    </ClInclude>
    <ClInclude Include="..\public\Transform.h">
      <Filter>01.Utility\03.Component\Transform</Filter>
    </ClInclude>
    <ClInclude Include="..\public\Camera.h">
      <Filter>01.Utility\02.GameObject\Camera</Filter>
    </ClInclude>
    <ClInclude Include="..\public\PipeLine.h">
      <Filter>01.Utility\04.PipeLine</Filter>
    </ClInclude>
    <ClInclude Include="..\Public\Input_Device.h">
      <Filter>00.System\01.Device\Input</Filter>
    </ClInclude>
    <ClInclude Include="..\public\Light_Manager.h">
      <Filter>01.Utility\05.Lights\Manager</Filter>
    </ClInclude>
    <ClInclude Include="..\public\Light.h">
      <Filter>01.Utility\05.Lights</Filter>
    </ClInclude>
    <ClInclude Include="..\public\Model.h">
      <Filter>01.Utility\03.Component\Model</Filter>
    </ClInclude>
    <ClInclude Include="..\public\Mesh.h">
      <Filter>01.Utility\03.Component\Model\Mesh</Filter>
    </ClInclude>
    <ClInclude Include="..\public\Bone.h">
      <Filter>01.Utility\03.Component\Model\Bone</Filter>
    </ClInclude>
    <ClInclude Include="..\public\Animation.h">
      <Filter>01.Utility\03.Component\Model\Animation</Filter>
    </ClInclude>
    <ClInclude Include="..\public\Channel.h">
      <Filter>01.Utility\03.Component\Model\Animation\Channel</Filter>
    </ClInclude>
    <ClInclude Include="..\Public\VIBuffer_Cube.h">
      <Filter>01.Utility\03.Component\VIBuffer\Cube</Filter>
    </ClInclude>
    <ClInclude Include="..\public\Collider.h">
      <Filter>01.Utility\03.Component\Collider</Filter>
    </ClInclude>
    <ClInclude Include="..\Public\DebugDraw.h">
      <Filter>01.Utility\03.Component\Collider</Filter>
    </ClInclude>
    <ClInclude Include="..\public\Navigation.h">
      <Filter>01.Utility\03.Component\Navigation</Filter>
    </ClInclude>
    <ClInclude Include="..\public\Cell.h">
      <Filter>01.Utility\03.Component\Navigation\Cell</Filter>
    </ClInclude>
    <ClInclude Include="..\Public\VIBuffer_Cell.h">
      <Filter>01.Utility\03.Component\VIBuffer\Cell</Filter>
    </ClInclude>
    <ClInclude Include="..\public\Font_Manager.h">
      <Filter>01.Utility\06.Fonts\Manager</Filter>
    </ClInclude>
    <ClInclude Include="..\public\CustomFont.h">
      <Filter>01.Utility\06.Fonts</Filter>
    </ClInclude>
    <ClInclude Include="..\Public\VIBuffer_Rect_Instance.h">
      <Filter>01.Utility\03.Component\VIBuffer\Instancing\Rect</Filter>
    </ClInclude>
    <ClInclude Include="..\Public\VIBuffer_Point_Instance.h">
      <Filter>01.Utility\03.Component\VIBuffer\Instancing\Point</Filter>
    </ClInclude>
    <ClInclude Include="..\public\Frustum.h">
      <Filter>01.Utility\07.Frustum</Filter>
    </ClInclude>
    <ClInclude Include="..\public\QuadTree.h">
      <Filter>01.Utility\03.Component\VIBuffer\Terrain\QuadTree</Filter>
    </ClInclude>
    <ClInclude Include="..\public\Target_Manager.h">
      <Filter>01.Utility\08.RenderTargets</Filter>
    </ClInclude>
    <ClInclude Include="..\public\RenderTarget.h">
      <Filter>01.Utility\08.RenderTargets\Target</Filter>
    </ClInclude>
    <ClInclude Include="..\public\BlendObject.h">
      <Filter>01.Utility\02.GameObject\AlphaBlend</Filter>
    </ClInclude>
    <ClInclude Include="..\Public\Utility.h">
      <Filter>01.Utility\02.GameObject\Utility</Filter>
    </ClInclude>
  </ItemGroup>
  <ItemGroup>
    <FxCompile Include="..\Bin\ShaderFiles\Shader_Cell.hlsl">
      <Filter>01.Utility\03.Component\Navigation\Cell\Shader</Filter>
    </FxCompile>
    <FxCompile Include="..\Bin\ShaderFiles\Shader_Deferred.hlsl">
      <Filter>01.Utility\03.Component\Renderer\DeferredShader</Filter>
    </FxCompile>
  </ItemGroup>
</Project>