<?xml version="1.0" encoding="utf-8"?>
<Project ToolsVersion="4.0" xmlns="http://schemas.microsoft.com/developer/msbuild/2003">
  <ItemGroup>
    <Filter Include="00.System">
      <UniqueIdentifier>{8755817c-8a70-458a-97be-f0211e66a51c}</UniqueIdentifier>
    </Filter>
    <Filter Include="01.Utility">
      <UniqueIdentifier>{9085e4e5-7fe8-4945-84e4-69d1503175f7}</UniqueIdentifier>
    </Filter>
    <Filter Include="01.Utility\99.SuperClass">
      <UniqueIdentifier>{81ab0e6e-fa7e-4e1f-959f-3272f1f80550}</UniqueIdentifier>
    </Filter>
    <Filter Include="99.Defines">
      <UniqueIdentifier>{9831fe75-af7f-4f60-b4f1-1b1bc603e561}</UniqueIdentifier>
    </Filter>
    <Filter Include="00.System\00.Timer">
      <UniqueIdentifier>{e967ff87-235b-4f88-a167-fd46a9a46f27}</UniqueIdentifier>
    </Filter>
    <Filter Include="00.System\00.Timer\Manager">
      <UniqueIdentifier>{5156fc57-601e-4da5-a65c-900906d88707}</UniqueIdentifier>
    </Filter>
    <Filter Include="00.System\01.Device">
      <UniqueIdentifier>{511971cf-8ca2-4854-8d4e-f840557de19c}</UniqueIdentifier>
    </Filter>
    <Filter Include="00.System\01.Device\Graphic">
      <UniqueIdentifier>{48f63096-acfc-48fb-9aba-f9b9d04042dc}</UniqueIdentifier>
    </Filter>
    <Filter Include="01.Utility\01.Levels">
      <UniqueIdentifier>{9e7be568-2fce-4333-9502-6872d608cb95}</UniqueIdentifier>
    </Filter>
    <Filter Include="01.Utility\01.Levels\Manager">
      <UniqueIdentifier>{0738e517-c151-461c-92b9-d38dd6055e2b}</UniqueIdentifier>
    </Filter>
    <Filter Include="01.Utility\02.GameObject">
      <UniqueIdentifier>{4d240b87-c3c8-49b7-bdcb-9d634eaf42a5}</UniqueIdentifier>
    </Filter>
    <Filter Include="01.Utility\02.GameObject\Manager">
      <UniqueIdentifier>{810c7032-fd60-4e45-8e3b-5d481ecfdfa1}</UniqueIdentifier>
    </Filter>
    <Filter Include="01.Utility\02.GameObject\Manager\Layer">
      <UniqueIdentifier>{6fb35ef1-4067-451b-8cbd-57b638f190bf}</UniqueIdentifier>
    </Filter>
    <Filter Include="01.Utility\03.Component">
      <UniqueIdentifier>{852a3cda-b6a4-4b12-9306-1164b86b426f}</UniqueIdentifier>
    </Filter>
    <Filter Include="01.Utility\03.Component\Renderer">
      <UniqueIdentifier>{1e18b2fb-d6e0-4386-b3c6-d50201684691}</UniqueIdentifier>
    </Filter>
    <Filter Include="01.Utility\03.Component\Manager">
      <UniqueIdentifier>{25b7a930-f9bc-4b37-ac67-557f80ce807c}</UniqueIdentifier>
    </Filter>
    <Filter Include="01.Utility\03.Component\VIBuffer">
      <UniqueIdentifier>{35535fae-b542-4509-9af2-9fd07ea82880}</UniqueIdentifier>
    </Filter>
    <Filter Include="01.Utility\03.Component\VIBuffer\Rect">
      <UniqueIdentifier>{be25beea-683c-40c7-841f-cde92bb03323}</UniqueIdentifier>
    </Filter>
    <Filter Include="01.Utility\03.Component\Shader">
      <UniqueIdentifier>{744b9aea-a985-40aa-a06e-295075882473}</UniqueIdentifier>
    </Filter>
    <Filter Include="01.Utility\03.Component\Texture">
      <UniqueIdentifier>{962274bd-9642-4862-a4a5-e54a2ee77d8a}</UniqueIdentifier>
    </Filter>
    <Filter Include="01.Utility\03.Component\Transform">
      <UniqueIdentifier>{e04fe5a9-3ff8-4d68-ad28-0d2ec67b2176}</UniqueIdentifier>
    </Filter>
    <Filter Include="01.Utility\02.GameObject\Camera">
      <UniqueIdentifier>{176b175d-276a-4238-b288-78d90d32d4ea}</UniqueIdentifier>
    </Filter>
    <Filter Include="01.Utility\04.PipeLine">
      <UniqueIdentifier>{76449b93-c05b-4276-82f2-4d46543b554c}</UniqueIdentifier>
    </Filter>
    <Filter Include="00.System\01.Device\Input">
      <UniqueIdentifier>{a030bdc9-fe90-42bc-a574-3ff4fc1c7c5c}</UniqueIdentifier>
    </Filter>
    <Filter Include="01.Utility\05.Lights">
      <UniqueIdentifier>{b721b287-1207-4bc3-9eee-970c656988bd}</UniqueIdentifier>
    </Filter>
    <Filter Include="01.Utility\05.Lights\Manager">
      <UniqueIdentifier>{eece81b8-8456-4eee-bb7a-1b216d5df5e7}</UniqueIdentifier>
    </Filter>
    <Filter Include="01.Utility\03.Component\VIBuffer\Cube">
      <UniqueIdentifier>{f8a93ef6-9774-4860-8cc2-9bdf502f4fe1}</UniqueIdentifier>
    </Filter>
    <Filter Include="01.Utility\03.Component\Collider">
      <UniqueIdentifier>{15e3cc60-e957-4baa-b35d-766ad2b4ee4f}</UniqueIdentifier>
    </Filter>
    <Filter Include="01.Utility\03.Component\VIBuffer\Cell">
      <UniqueIdentifier>{ba48c95b-95b8-43ec-88d0-6d5c64e70e6c}</UniqueIdentifier>
    </Filter>
    <Filter Include="01.Utility\06.Fonts">
      <UniqueIdentifier>{4851b28b-2b61-4fa1-b11a-aa7f55832a64}</UniqueIdentifier>
    </Filter>
    <Filter Include="01.Utility\06.Fonts\Manager">
      <UniqueIdentifier>{96360e10-de02-458b-b6af-b3db6932a7b5}</UniqueIdentifier>
    </Filter>
    <Filter Include="01.Utility\07.Frustum">
      <UniqueIdentifier>{55cf0970-272d-4dbf-8c26-d1e28e47a867}</UniqueIdentifier>
    </Filter>
    <Filter Include="01.Utility\08.RenderTargets">
      <UniqueIdentifier>{7043b45a-408f-4e2f-a4f4-32afc2c098c9}</UniqueIdentifier>
    </Filter>
    <Filter Include="01.Utility\08.RenderTargets\Target">
      <UniqueIdentifier>{65d20c01-06ad-40c9-8b37-7c65411e7290}</UniqueIdentifier>
    </Filter>
    <Filter Include="01.Utility\03.Component\Renderer\DeferredShader">
      <UniqueIdentifier>{149b602b-47f2-4d16-a6cc-21ba906c6d22}</UniqueIdentifier>
    </Filter>
    <Filter Include="01.Utility\02.GameObject\AlphaBlend">
      <UniqueIdentifier>{29146f62-7cce-4851-8c59-b60186da7b74}</UniqueIdentifier>
    </Filter>
    <Filter Include="00.System\02.DInput">
      <UniqueIdentifier>{d263ae99-03b8-4042-bf24-ba2876f7cd50}</UniqueIdentifier>
    </Filter>
    <Filter Include="01.Utility\09.Utility">
      <UniqueIdentifier>{bb2866b6-beb9-4ce0-bc26-122ab2199094}</UniqueIdentifier>
    </Filter>
    <Filter Include="01.Utility\10.GarbageCollector">
      <UniqueIdentifier>{0954c81d-a449-4fc3-94b4-3ab6efd3903a}</UniqueIdentifier>
    </Filter>
    <Filter Include="01.Utility\11.ScrollManager">
      <UniqueIdentifier>{498e7732-5e19-4675-a52b-1db76cd20852}</UniqueIdentifier>
    </Filter>
    <Filter Include="01.Utility\03.Component\Collider\ColliderBox2D">
      <UniqueIdentifier>{aa611165-fa44-4947-8c70-0dca33d4c345}</UniqueIdentifier>
    </Filter>
    <Filter Include="01.Utility\03.Component\Collider\ColliderSphere2D">
      <UniqueIdentifier>{73a9c7d6-c67b-4c5a-a9f3-36106205239a}</UniqueIdentifier>
    </Filter>
    <Filter Include="01.Utility\12.FileHandler">
      <UniqueIdentifier>{c02baa79-1b7e-44c0-a7a4-0d24fa7af017}</UniqueIdentifier>
    </Filter>
    <Filter Include="01.Utility\12.FileHandler\libxl">
      <UniqueIdentifier>{52a04e4a-3f69-428e-bfdb-3e28171a3be8}</UniqueIdentifier>
    </Filter>
    <Filter Include="01.Utility\13.Manager">
      <UniqueIdentifier>{d774f820-4821-48ce-9599-c33c4e5e52da}</UniqueIdentifier>
    </Filter>
    <Filter Include="01.Utility\13.Manager\GarbageCollector">
      <UniqueIdentifier>{7b160380-3836-473b-acbd-4edf776f8bab}</UniqueIdentifier>
    </Filter>
    <Filter Include="01.Utility\13.Manager\CollisionManager">
      <UniqueIdentifier>{96d3faec-ba32-417f-81d1-0160b015c43c}</UniqueIdentifier>
    </Filter>
    <Filter Include="00.System\00.GameInstance">
      <UniqueIdentifier>{6cb939e1-82a6-4d63-92f3-ce362da2ffb1}</UniqueIdentifier>
    </Filter>
    <Filter Include="01.Utility\13.Manager\LineManager">
      <UniqueIdentifier>{11599492-5a26-4daf-bde9-c610058124a5}</UniqueIdentifier>
    </Filter>
    <Filter Include="01.Utility\13.Manager\LineManager\Line">
      <UniqueIdentifier>{e1a97459-a404-49bf-9bb4-d53f5045fe89}</UniqueIdentifier>
    </Filter>
    <Filter Include="01.Utility\03.Component\Widget_Manager">
      <UniqueIdentifier>{44d0559d-ffb4-4c92-82d1-9e54291549dc}</UniqueIdentifier>
    </Filter>
    <Filter Include="01.Utility\03.Component\Widget_Manager\UserInterface">
      <UniqueIdentifier>{f1c93025-6a85-45a1-9990-6c0440bbd410}</UniqueIdentifier>
    </Filter>
    <Filter Include="01.Utility\03.Component\Widget_Manager\Widget">
      <UniqueIdentifier>{6f2f49be-8385-432f-b4e1-7adf55022516}</UniqueIdentifier>
    </Filter>
    <Filter Include="97.ShaderFiles">
      <UniqueIdentifier>{8db52426-1eac-4e1f-a3e3-978d9f641351}</UniqueIdentifier>
    </Filter>
  </ItemGroup>
  <ItemGroup>
    <ClCompile Include="..\Private\Base.cpp">
      <Filter>01.Utility\99.SuperClass</Filter>
    </ClCompile>
    <ClCompile Include="..\Private\Timer.cpp">
      <Filter>00.System\00.Timer</Filter>
    </ClCompile>
    <ClCompile Include="..\Private\Timer_Manager.cpp">
      <Filter>00.System\00.Timer\Manager</Filter>
    </ClCompile>
    <ClCompile Include="..\private\GameInstance.cpp">
      <Filter>00.System\00.GameInstance</Filter>
    </ClCompile>
    <ClCompile Include="..\Private\Graphic_Device.cpp">
      <Filter>00.System\01.Device\Graphic</Filter>
    </ClCompile>
    <ClCompile Include="..\private\Level_Manager.cpp">
      <Filter>01.Utility\01.Levels\Manager</Filter>
    </ClCompile>
    <ClCompile Include="..\private\Level.cpp">
      <Filter>01.Utility\01.Levels</Filter>
    </ClCompile>
    <ClCompile Include="..\private\GameObject.cpp">
      <Filter>01.Utility\02.GameObject</Filter>
    </ClCompile>
    <ClCompile Include="..\private\Object_Manager.cpp">
      <Filter>01.Utility\02.GameObject\Manager</Filter>
    </ClCompile>
    <ClCompile Include="..\private\Layer.cpp">
      <Filter>01.Utility\02.GameObject\Manager\Layer</Filter>
    </ClCompile>
    <ClCompile Include="..\private\Component.cpp">
      <Filter>01.Utility\03.Component</Filter>
    </ClCompile>
    <ClCompile Include="..\private\Renderer.cpp">
      <Filter>01.Utility\03.Component\Renderer</Filter>
    </ClCompile>
    <ClCompile Include="..\private\Component_Manager.cpp">
      <Filter>01.Utility\03.Component\Manager</Filter>
    </ClCompile>
    <ClCompile Include="..\private\VIBuffer.cpp">
      <Filter>01.Utility\03.Component\VIBuffer</Filter>
    </ClCompile>
    <ClCompile Include="..\private\VIBuffer_Rect.cpp">
      <Filter>01.Utility\03.Component\VIBuffer\Rect</Filter>
    </ClCompile>
    <ClCompile Include="..\private\Shader.cpp">
      <Filter>01.Utility\03.Component\Shader</Filter>
    </ClCompile>
    <ClCompile Include="..\Public\Engine_Struct.cpp">
      <Filter>99.Defines</Filter>
    </ClCompile>
    <ClCompile Include="..\private\Texture.cpp">
      <Filter>01.Utility\03.Component\Texture</Filter>
    </ClCompile>
    <ClCompile Include="..\private\Transform.cpp">
      <Filter>01.Utility\03.Component\Transform</Filter>
    </ClCompile>
    <ClCompile Include="..\private\Camera.cpp">
      <Filter>01.Utility\02.GameObject\Camera</Filter>
    </ClCompile>
    <ClCompile Include="..\private\PipeLine.cpp">
      <Filter>01.Utility\04.PipeLine</Filter>
    </ClCompile>
    <ClCompile Include="..\Private\Input_Device.cpp">
      <Filter>00.System\01.Device\Input</Filter>
    </ClCompile>
    <ClCompile Include="..\private\Light_Manager.cpp">
      <Filter>01.Utility\05.Lights\Manager</Filter>
    </ClCompile>
    <ClCompile Include="..\private\Light.cpp">
      <Filter>01.Utility\05.Lights</Filter>
    </ClCompile>
    <ClCompile Include="..\Private\VIBuffer_Cube.cpp">
      <Filter>01.Utility\03.Component\VIBuffer\Cube</Filter>
    </ClCompile>
    <ClCompile Include="..\private\Collider.cpp">
      <Filter>01.Utility\03.Component\Collider</Filter>
    </ClCompile>
    <ClCompile Include="..\Private\DebugDraw.cpp">
      <Filter>01.Utility\03.Component\Collider</Filter>
    </ClCompile>
    <ClCompile Include="..\Private\VIBuffer_Cell.cpp">
      <Filter>01.Utility\03.Component\VIBuffer\Cell</Filter>
    </ClCompile>
    <ClCompile Include="..\private\Font_Manager.cpp">
      <Filter>01.Utility\06.Fonts\Manager</Filter>
    </ClCompile>
    <ClCompile Include="..\private\CustomFont.cpp">
      <Filter>01.Utility\06.Fonts</Filter>
    </ClCompile>
    <ClCompile Include="..\private\Frustum.cpp">
      <Filter>01.Utility\07.Frustum</Filter>
    </ClCompile>
    <ClCompile Include="..\private\Target_Manager.cpp">
      <Filter>01.Utility\08.RenderTargets</Filter>
    </ClCompile>
    <ClCompile Include="..\private\RenderTarget.cpp">
      <Filter>01.Utility\08.RenderTargets\Target</Filter>
    </ClCompile>
    <ClCompile Include="..\private\BlendObject.cpp">
      <Filter>01.Utility\02.GameObject\AlphaBlend</Filter>
    </ClCompile>
    <ClCompile Include="..\Private\DInput_Manager.cpp">
      <Filter>00.System\02.DInput</Filter>
    </ClCompile>
    <ClCompile Include="..\Private\Utility.cpp">
      <Filter>01.Utility\09.Utility</Filter>
    </ClCompile>
    <ClCompile Include="..\Private\GarbageCollectorX.cpp">
      <Filter>01.Utility\10.GarbageCollector</Filter>
    </ClCompile>
    <ClCompile Include="..\Private\Scroll_Manager.cpp">
      <Filter>01.Utility\11.ScrollManager</Filter>
    </ClCompile>
    <ClCompile Include="..\Private\ColliderAABB2D.cpp">
      <Filter>01.Utility\03.Component\Collider\ColliderBox2D</Filter>
    </ClCompile>
    <ClCompile Include="..\Private\ColliderSphere2D.cpp">
      <Filter>01.Utility\03.Component\Collider\ColliderSphere2D</Filter>
    </ClCompile>
    <ClCompile Include="..\Private\ColliderOBB2D.cpp">
      <Filter>01.Utility\03.Component\Collider\ColliderBox2D</Filter>
    </ClCompile>
    <ClCompile Include="..\Private\Collision_Manager.cpp">
      <Filter>01.Utility\13.Manager\CollisionManager</Filter>
    </ClCompile>
    <ClCompile Include="..\Private\GarbageCollector.cpp">
      <Filter>01.Utility\13.Manager\GarbageCollector</Filter>
    </ClCompile>
    <ClCompile Include="..\Private\Line_Manager.cpp">
      <Filter>01.Utility\13.Manager\LineManager</Filter>
    </ClCompile>
    <ClCompile Include="..\Private\Line.cpp">
      <Filter>01.Utility\13.Manager\LineManager\Line</Filter>
    </ClCompile>
    <ClCompile Include="..\Private\Widget.cpp">
      <Filter>01.Utility\03.Component\Widget_Manager</Filter>
    </ClCompile>
    <ClCompile Include="..\Public\Engine_Util.cpp">
      <Filter>99.Defines</Filter>
    </ClCompile>
  </ItemGroup>
  <ItemGroup>
    <ClInclude Include="..\Public\Base.h">
      <Filter>01.Utility\99.SuperClass</Filter>
    </ClInclude>
    <ClInclude Include="..\Public\Engine_Typedef.h">
      <Filter>99.Defines</Filter>
    </ClInclude>
    <ClInclude Include="..\Public\Engine_Defines.h">
      <Filter>99.Defines</Filter>
    </ClInclude>
    <ClInclude Include="..\Public\Engine_Struct.h">
      <Filter>99.Defines</Filter>
    </ClInclude>
    <ClInclude Include="..\Public\Engine_Function.h">
      <Filter>99.Defines</Filter>
    </ClInclude>
    <ClInclude Include="..\Public\Engine_Macro.h">
      <Filter>99.Defines</Filter>
    </ClInclude>
    <ClInclude Include="..\Public\Timer.h">
      <Filter>00.System\00.Timer</Filter>
    </ClInclude>
    <ClInclude Include="..\Public\Timer_Manager.h">
      <Filter>00.System\00.Timer\Manager</Filter>
    </ClInclude>
    <ClInclude Include="..\public\GameInstance.h">
      <Filter>00.System\00.GameInstance</Filter>
    </ClInclude>
    <ClInclude Include="..\Public\Graphic_Device.h">
      <Filter>00.System\01.Device\Graphic</Filter>
    </ClInclude>
    <ClInclude Include="..\public\Level_Manager.h">
      <Filter>01.Utility\01.Levels\Manager</Filter>
    </ClInclude>
    <ClInclude Include="..\public\Level.h">
      <Filter>01.Utility\01.Levels</Filter>
    </ClInclude>
    <ClInclude Include="..\public\GameObject.h">
      <Filter>01.Utility\02.GameObject</Filter>
    </ClInclude>
    <ClInclude Include="..\public\Object_Manager.h">
      <Filter>01.Utility\02.GameObject\Manager</Filter>
    </ClInclude>
    <ClInclude Include="..\public\Layer.h">
      <Filter>01.Utility\02.GameObject\Manager\Layer</Filter>
    </ClInclude>
    <ClInclude Include="..\public\Component.h">
      <Filter>01.Utility\03.Component</Filter>
    </ClInclude>
    <ClInclude Include="..\public\Renderer.h">
      <Filter>01.Utility\03.Component\Renderer</Filter>
    </ClInclude>
    <ClInclude Include="..\public\Component_Manager.h">
      <Filter>01.Utility\03.Component\Manager</Filter>
    </ClInclude>
    <ClInclude Include="..\public\VIBuffer.h">
      <Filter>01.Utility\03.Component\VIBuffer</Filter>
    </ClInclude>
    <ClInclude Include="..\public\VIBuffer_Rect.h">
      <Filter>01.Utility\03.Component\VIBuffer\Rect</Filter>
    </ClInclude>
    <ClInclude Include="..\public\Shader.h">
      <Filter>01.Utility\03.Component\Shader</Filter>
    </ClInclude>
    <ClInclude Include="..\public\Texture.h">
      <Filter>01.Utility\03.Component\Texture</Filter>
    </ClInclude>
    <ClInclude Include="..\public\Transform.h">
      <Filter>01.Utility\03.Component\Transform</Filter>
    </ClInclude>
    <ClInclude Include="..\public\Camera.h">
      <Filter>01.Utility\02.GameObject\Camera</Filter>
    </ClInclude>
    <ClInclude Include="..\public\PipeLine.h">
      <Filter>01.Utility\04.PipeLine</Filter>
    </ClInclude>
    <ClInclude Include="..\Public\Input_Device.h">
      <Filter>00.System\01.Device\Input</Filter>
    </ClInclude>
    <ClInclude Include="..\public\Light_Manager.h">
      <Filter>01.Utility\05.Lights\Manager</Filter>
    </ClInclude>
    <ClInclude Include="..\public\Light.h">
      <Filter>01.Utility\05.Lights</Filter>
    </ClInclude>
    <ClInclude Include="..\Public\VIBuffer_Cube.h">
      <Filter>01.Utility\03.Component\VIBuffer\Cube</Filter>
    </ClInclude>
    <ClInclude Include="..\public\Collider.h">
      <Filter>01.Utility\03.Component\Collider</Filter>
    </ClInclude>
    <ClInclude Include="..\Public\DebugDraw.h">
      <Filter>01.Utility\03.Component\Collider</Filter>
    </ClInclude>
    <ClInclude Include="..\Public\VIBuffer_Cell.h">
      <Filter>01.Utility\03.Component\VIBuffer\Cell</Filter>
    </ClInclude>
    <ClInclude Include="..\public\Font_Manager.h">
      <Filter>01.Utility\06.Fonts\Manager</Filter>
    </ClInclude>
    <ClInclude Include="..\public\CustomFont.h">
      <Filter>01.Utility\06.Fonts</Filter>
    </ClInclude>
    <ClInclude Include="..\public\Frustum.h">
      <Filter>01.Utility\07.Frustum</Filter>
    </ClInclude>
    <ClInclude Include="..\public\Target_Manager.h">
      <Filter>01.Utility\08.RenderTargets</Filter>
    </ClInclude>
    <ClInclude Include="..\public\RenderTarget.h">
      <Filter>01.Utility\08.RenderTargets\Target</Filter>
    </ClInclude>
    <ClInclude Include="..\public\BlendObject.h">
      <Filter>01.Utility\02.GameObject\AlphaBlend</Filter>
    </ClInclude>
    <ClInclude Include="..\Public\DInput_Manager.h">
      <Filter>00.System\02.DInput</Filter>
    </ClInclude>
    <ClInclude Include="..\Public\Utility.h">
      <Filter>01.Utility\09.Utility</Filter>
    </ClInclude>
    <ClInclude Include="..\Public\GarbageCollectorX.h">
      <Filter>01.Utility\10.GarbageCollector</Filter>
    </ClInclude>
    <ClInclude Include="..\Public\Scroll_Manager.h">
      <Filter>01.Utility\11.ScrollManager</Filter>
    </ClInclude>
    <ClInclude Include="..\Public\ColliderAABB2D.h">
      <Filter>01.Utility\03.Component\Collider\ColliderBox2D</Filter>
    </ClInclude>
    <ClInclude Include="..\Public\ColliderSphere2D.h">
      <Filter>01.Utility\03.Component\Collider\ColliderSphere2D</Filter>
    </ClInclude>
    <ClInclude Include="..\Public\ColliderOBB2D.h">
      <Filter>01.Utility\03.Component\Collider\ColliderBox2D</Filter>
    </ClInclude>
    <ClInclude Include="..\libxl-4.3.0.14\include_cpp\enum.h">
      <Filter>01.Utility\12.FileHandler\libxl</Filter>
    </ClInclude>
    <ClInclude Include="..\libxl-4.3.0.14\include_cpp\IAutoFilterT.h">
      <Filter>01.Utility\12.FileHandler\libxl</Filter>
    </ClInclude>
    <ClInclude Include="..\libxl-4.3.0.14\include_cpp\IBookT.h">
      <Filter>01.Utility\12.FileHandler\libxl</Filter>
    </ClInclude>
    <ClInclude Include="..\libxl-4.3.0.14\include_cpp\IConditionalFormatT.h">
      <Filter>01.Utility\12.FileHandler\libxl</Filter>
    </ClInclude>
    <ClInclude Include="..\libxl-4.3.0.14\include_cpp\IConditionalFormattingT.h">
      <Filter>01.Utility\12.FileHandler\libxl</Filter>
    </ClInclude>
    <ClInclude Include="..\libxl-4.3.0.14\include_cpp\IFilterColumnT.h">
      <Filter>01.Utility\12.FileHandler\libxl</Filter>
    </ClInclude>
    <ClInclude Include="..\libxl-4.3.0.14\include_cpp\IFontT.h">
      <Filter>01.Utility\12.FileHandler\libxl</Filter>
    </ClInclude>
    <ClInclude Include="..\libxl-4.3.0.14\include_cpp\IFormatT.h">
      <Filter>01.Utility\12.FileHandler\libxl</Filter>
    </ClInclude>
    <ClInclude Include="..\libxl-4.3.0.14\include_cpp\IFormControlT.h">
      <Filter>01.Utility\12.FileHandler\libxl</Filter>
    </ClInclude>
    <ClInclude Include="..\libxl-4.3.0.14\include_cpp\IRichStringT.h">
      <Filter>01.Utility\12.FileHandler\libxl</Filter>
    </ClInclude>
    <ClInclude Include="..\libxl-4.3.0.14\include_cpp\ISheetT.h">
      <Filter>01.Utility\12.FileHandler\libxl</Filter>
    </ClInclude>
    <ClInclude Include="..\libxl-4.3.0.14\include_cpp\libxl.h">
      <Filter>01.Utility\12.FileHandler\libxl</Filter>
    </ClInclude>
    <ClInclude Include="..\libxl-4.3.0.14\include_cpp\setup.h">
      <Filter>01.Utility\12.FileHandler\libxl</Filter>
    </ClInclude>
    <ClInclude Include="..\Public\Collision_Manager.h">
      <Filter>01.Utility\13.Manager\CollisionManager</Filter>
    </ClInclude>
    <ClInclude Include="..\Public\GarbageCollector.h">
      <Filter>01.Utility\13.Manager\GarbageCollector</Filter>
    </ClInclude>
    <ClInclude Include="..\Public\Line_Manager.h">
      <Filter>01.Utility\13.Manager\LineManager</Filter>
    </ClInclude>
    <ClInclude Include="..\Public\Line.h">
      <Filter>01.Utility\13.Manager\LineManager\Line</Filter>
    </ClInclude>
    <ClInclude Include="..\Public\Widget.h">
      <Filter>01.Utility\03.Component\Widget_Manager</Filter>
    </ClInclude>
    <ClInclude Include="..\Bin\ShaderFiles\Shader_Defines.hpp">
      <Filter>97.ShaderFiles</Filter>
    </ClInclude>
    <ClInclude Include="..\Public\Engine_Util.h">
      <Filter>99.Defines</Filter>
    </ClInclude>
  </ItemGroup>
  <ItemGroup>
    <FxCompile Include="..\Bin\ShaderFiles\Shader_Cell.hlsl">
      <Filter>97.ShaderFiles</Filter>
    </FxCompile>
    <FxCompile Include="..\Bin\ShaderFiles\Shader_Deferred.hlsl">
      <Filter>97.ShaderFiles</Filter>
    </FxCompile>
    <FxCompile Include="..\Bin\ShaderFiles\Shader_Vtxtex.hlsl">
      <Filter>97.ShaderFiles</Filter>
    </FxCompile>
  </ItemGroup>
</Project>