<?xml version="1.0" encoding="utf-8"?>
<Project ToolsVersion="4.0" xmlns="http://schemas.microsoft.com/developer/msbuild/2003">
  <ItemGroup>
    <Filter Include="00.MainApp">
      <UniqueIdentifier>{4e7165af-88ac-4a75-be9c-71eb02522a92}</UniqueIdentifier>
    </Filter>
    <Filter Include="98.Default">
      <UniqueIdentifier>{1e922923-3350-4738-baba-f53e856aa85c}</UniqueIdentifier>
    </Filter>
    <Filter Include="99.Defines">
      <UniqueIdentifier>{33d2c16c-1984-4029-b760-dd15e165aecc}</UniqueIdentifier>
    </Filter>
    <Filter Include="01.Level">
      <UniqueIdentifier>{17f062a7-2048-4b0b-9c7f-95438a1b916a}</UniqueIdentifier>
    </Filter>
    <Filter Include="01.Level\Logo">
      <UniqueIdentifier>{e345eaf0-98b2-493e-b62b-44d51e8b0443}</UniqueIdentifier>
    </Filter>
    <Filter Include="01.Level\GamePlay">
      <UniqueIdentifier>{55f8870d-294b-44fd-87f4-3884ef56c917}</UniqueIdentifier>
    </Filter>
    <Filter Include="01.Level\Loading">
      <UniqueIdentifier>{ba466163-cb73-473e-b29c-d7235309128a}</UniqueIdentifier>
    </Filter>
    <Filter Include="01.Level\Loading\Loader">
      <UniqueIdentifier>{59cac87e-0b95-4ebb-8e49-55b75f500f16}</UniqueIdentifier>
    </Filter>
    <Filter Include="02.GameObject">
      <UniqueIdentifier>{89f7ab9c-10da-42f5-9bae-68e32cf0c003}</UniqueIdentifier>
    </Filter>
    <Filter Include="02.GameObject\BackGround">
      <UniqueIdentifier>{c91166c5-5fe5-44b5-b98d-3c892e406ab2}</UniqueIdentifier>
    </Filter>
    <Filter Include="97.ShaderFiles">
      <UniqueIdentifier>{850f13c7-6913-4adb-b4e4-1d7006f35f4e}</UniqueIdentifier>
    </Filter>
    <Filter Include="02.GameObject\Camera">
      <UniqueIdentifier>{c3285823-a471-479b-a17f-a8c60872aafc}</UniqueIdentifier>
    </Filter>
    <Filter Include="02.GameObject\Camera\Dynamic">
      <UniqueIdentifier>{5e918955-0981-4b48-8510-23e0c01a4e6a}</UniqueIdentifier>
    </Filter>
    <Filter Include="02.GameObject\Player">
      <UniqueIdentifier>{54e556c2-aad2-4e99-a91d-a30f317b7856}</UniqueIdentifier>
    </Filter>
    <Filter Include="97.ShaderFiles\Buffer">
      <UniqueIdentifier>{20c8b5b6-7d13-4a33-a767-3a3aa868a4dc}</UniqueIdentifier>
    </Filter>
    <Filter Include="97.ShaderFiles\Instance">
      <UniqueIdentifier>{f1b3220f-03e0-4166-b5c9-9b77874b14d7}</UniqueIdentifier>
    </Filter>
    <Filter Include="97.ShaderFiles\Model">
      <UniqueIdentifier>{a8b9b4e9-a42c-444a-9aa5-41231e20fe52}</UniqueIdentifier>
    </Filter>
    <Filter Include="02.GameObject\Player\GrimReaper">
      <UniqueIdentifier>{f19c7415-d41a-4018-8a6e-3869f7361f18}</UniqueIdentifier>
    </Filter>
    <Filter Include="02.GameObject\Player\LittleBorn">
      <UniqueIdentifier>{8a17bfd0-6a2c-4d2b-9838-f61319ab2fbe}</UniqueIdentifier>
    </Filter>
    <Filter Include="03.DesignPattern">
      <UniqueIdentifier>{07df51a0-92dd-4a44-87af-e19be37e27f0}</UniqueIdentifier>
    </Filter>
    <Filter Include="03.DesignPattern\Command">
      <UniqueIdentifier>{57f1461d-7bc3-427e-8da6-5b44f2ecc8b2}</UniqueIdentifier>
    </Filter>
    <Filter Include="03.DesignPattern\Command\RotationCmd">
      <UniqueIdentifier>{60963beb-b448-4a4e-8678-a818e79becd8}</UniqueIdentifier>
    </Filter>
    <Filter Include="03.DesignPattern\Command\MoveCmd">
      <UniqueIdentifier>{751c9c3b-5ac8-49ee-97d4-74d8c820e068}</UniqueIdentifier>
    </Filter>
    <Filter Include="04. Handler">
      <UniqueIdentifier>{44c203e1-40f9-409c-aa51-dd283fc43574}</UniqueIdentifier>
    </Filter>
    <Filter Include="03.DesignPattern\Command\TemplateTest">
      <UniqueIdentifier>{ab940ebc-a893-4678-bf4e-84f7332b97d7}</UniqueIdentifier>
    </Filter>
    <Filter Include="03.DesignPattern\State">
      <UniqueIdentifier>{f5386d66-8dc3-4a69-aa43-61c3ff7fa436}</UniqueIdentifier>
    </Filter>
    <Filter Include="03.DesignPattern\State\PlayerState">
      <UniqueIdentifier>{ef7e6694-3424-4e7b-b8ba-77f479f04929}</UniqueIdentifier>
    </Filter>
    <Filter Include="05.Manager">
      <UniqueIdentifier>{fde2b693-111a-4c88-8aa0-c0167d2d6dbd}</UniqueIdentifier>
    </Filter>
    <Filter Include="02.GameObject\Player\WaterSkul">
      <UniqueIdentifier>{b4bbdb24-1900-4bcd-b390-4afd9e215c6c}</UniqueIdentifier>
    </Filter>
    <Filter Include="06.Utility">
      <UniqueIdentifier>{135f3cc5-ee20-4a61-94af-957564217e64}</UniqueIdentifier>
    </Filter>
    <Filter Include="02.GameObject\Tile">
      <UniqueIdentifier>{bf710720-e638-41a3-9065-c44a63d6c785}</UniqueIdentifier>
    </Filter>
    <Filter Include="02.GameObject\Environment">
      <UniqueIdentifier>{f761d0a0-5b8e-49e7-8189-7d66ebaffa70}</UniqueIdentifier>
    </Filter>
    <Filter Include="02.GameObject\Skill">
      <UniqueIdentifier>{4a3855a6-a9ad-48f0-91f0-b6080bf1bb44}</UniqueIdentifier>
    </Filter>
  </ItemGroup>
  <ItemGroup>
    <ClInclude Include="Client.h">
      <Filter>98.Default</Filter>
    </ClInclude>
    <ClInclude Include="Resource.h">
      <Filter>98.Default</Filter>
    </ClInclude>
    <ClInclude Include="stdafx.h">
      <Filter>98.Default</Filter>
    </ClInclude>
    <ClInclude Include="targetver.h">
      <Filter>98.Default</Filter>
    </ClInclude>
    <ClInclude Include="..\Public\MainApp.h">
      <Filter>00.MainApp</Filter>
    </ClInclude>
    <ClInclude Include="..\public\Level_Logo.h">
      <Filter>01.Level\Logo</Filter>
    </ClInclude>
    <ClInclude Include="..\Public\Level_Loading.h">
      <Filter>01.Level\Loading</Filter>
    </ClInclude>
    <ClInclude Include="..\Public\Level_GamePlay.h">
      <Filter>01.Level\GamePlay</Filter>
    </ClInclude>
    <ClInclude Include="..\public\Loader.h">
      <Filter>01.Level\Loading\Loader</Filter>
    </ClInclude>
    <ClInclude Include="..\public\BackGround.h">
      <Filter>02.GameObject\BackGround</Filter>
    </ClInclude>
    <ClInclude Include="..\public\Camera_Dynamic.h">
      <Filter>02.GameObject\Camera\Dynamic</Filter>
    </ClInclude>
    <ClInclude Include="..\Public\Player.h">
      <Filter>02.GameObject\Player</Filter>
    </ClInclude>
    <ClInclude Include="..\Bin\ShaderFiles\Shader_Defines.hpp">
      <Filter>97.ShaderFiles</Filter>
    </ClInclude>
    <ClInclude Include="SpriteObject.h" />
    <ClInclude Include="..\Public\GrimReaper.h">
      <Filter>02.GameObject\Player\GrimReaper</Filter>
    </ClInclude>
    <ClInclude Include="..\Public\LittleBorn.h">
      <Filter>02.GameObject\Player\LittleBorn</Filter>
    </ClInclude>
    <ClInclude Include="..\Public\Command.h">
      <Filter>03.DesignPattern\Command</Filter>
    </ClInclude>
    <ClInclude Include="..\Public\RotationCmd.h">
      <Filter>03.DesignPattern\Command\RotationCmd</Filter>
    </ClInclude>
    <ClInclude Include="..\Public\InputHandler.h">
      <Filter>04. Handler</Filter>
    </ClInclude>
    <ClInclude Include="..\Public\TemplateCmd.h">
      <Filter>03.DesignPattern\Command\TemplateTest</Filter>
    </ClInclude>
    <ClInclude Include="..\Public\MoveCmd.h">
      <Filter>03.DesignPattern\Command\MoveCmd</Filter>
    </ClInclude>
    <ClInclude Include="..\Public\State.h">
      <Filter>03.DesignPattern\State</Filter>
    </ClInclude>
    <ClInclude Include="..\Public\PlayerAtk.h">
      <Filter>03.DesignPattern\State\PlayerState</Filter>
    </ClInclude>
    <ClInclude Include="..\Public\PlayerIdle.h">
      <Filter>03.DesignPattern\State\PlayerState</Filter>
    </ClInclude>
    <ClInclude Include="..\Public\Player_Manager.h">
      <Filter>05.Manager</Filter>
    </ClInclude>
    <ClInclude Include="..\Public\PlayerDash.h">
      <Filter>03.DesignPattern\State\PlayerState</Filter>
    </ClInclude>
    <ClInclude Include="..\Public\PlayerJump.h">
      <Filter>03.DesignPattern\State\PlayerState</Filter>
    </ClInclude>
    <ClInclude Include="..\Public\PlayerWalk.h">
      <Filter>03.DesignPattern\State\PlayerState</Filter>
    </ClInclude>
    <ClInclude Include="..\Public\WaterSkul.h">
      <Filter>02.GameObject\Player\WaterSkul</Filter>
    </ClInclude>
    <ClInclude Include="Client_Defines.h">
      <Filter>99.Defines</Filter>
    </ClInclude>
    <ClInclude Include="..\Public\FileLoader.h">
      <Filter>06.Utility</Filter>
    </ClInclude>
    <ClInclude Include="..\Public\Tile.h">
      <Filter>02.GameObject\Tile</Filter>
    </ClInclude>
    <ClInclude Include="..\Public\Environment.h">
      <Filter>02.GameObject\Environment</Filter>
    </ClInclude>
    <ClInclude Include="..\Public\Skill.h">
      <Filter>02.GameObject\Skill</Filter>
    </ClInclude>
  </ItemGroup>
  <ItemGroup>
    <ClCompile Include="Client.cpp">
      <Filter>98.Default</Filter>
    </ClCompile>
    <ClCompile Include="stdafx.cpp">
      <Filter>98.Default</Filter>
    </ClCompile>
    <ClCompile Include="..\Private\MainApp.cpp">
      <Filter>00.MainApp</Filter>
    </ClCompile>
    <ClCompile Include="..\private\Level_Logo.cpp">
      <Filter>01.Level\Logo</Filter>
    </ClCompile>
    <ClCompile Include="..\Private\Level_Loading.cpp">
      <Filter>01.Level\Loading</Filter>
    </ClCompile>
    <ClCompile Include="..\Private\Level_GamePlay.cpp">
      <Filter>01.Level\GamePlay</Filter>
    </ClCompile>
    <ClCompile Include="..\private\Loader.cpp">
      <Filter>01.Level\Loading\Loader</Filter>
    </ClCompile>
    <ClCompile Include="..\private\BackGround.cpp">
      <Filter>02.GameObject\BackGround</Filter>
    </ClCompile>
    <ClCompile Include="..\private\Camera_Dynamic.cpp">
      <Filter>02.GameObject\Camera\Dynamic</Filter>
    </ClCompile>
    <ClCompile Include="..\Private\Player.cpp">
      <Filter>02.GameObject\Player</Filter>
    </ClCompile>
    <ClCompile Include="SpriteObject.cpp" />
    <ClCompile Include="..\Private\GrimReaper.cpp">
      <Filter>02.GameObject\Player\GrimReaper</Filter>
    </ClCompile>
    <ClCompile Include="..\Private\LittleBorn.cpp">
      <Filter>02.GameObject\Player\LittleBorn</Filter>
    </ClCompile>
    <ClCompile Include="..\Private\Command.cpp">
      <Filter>03.DesignPattern\Command</Filter>
    </ClCompile>
    <ClCompile Include="..\Private\RotationCmd.cpp">
      <Filter>03.DesignPattern\Command\RotationCmd</Filter>
    </ClCompile>
    <ClCompile Include="..\Private\InputHandler.cpp">
      <Filter>04. Handler</Filter>
    </ClCompile>
    <ClCompile Include="..\Private\TemplateCmd.cpp">
      <Filter>03.DesignPattern\Command\TemplateTest</Filter>
    </ClCompile>
    <ClCompile Include="..\Private\MoveCmd.cpp">
      <Filter>03.DesignPattern\Command\MoveCmd</Filter>
    </ClCompile>
    <ClCompile Include="..\Private\State.cpp">
      <Filter>03.DesignPattern\State</Filter>
    </ClCompile>
    <ClCompile Include="..\Private\PlayerWalk.cpp">
      <Filter>03.DesignPattern\State\PlayerState</Filter>
    </ClCompile>
    <ClCompile Include="..\Private\PlayerAtk.cpp">
      <Filter>03.DesignPattern\State\PlayerState</Filter>
    </ClCompile>
    <ClCompile Include="..\Private\PlayerIdle.cpp">
      <Filter>03.DesignPattern\State\PlayerState</Filter>
    </ClCompile>
    <ClCompile Include="..\Private\Player_Manager.cpp">
      <Filter>05.Manager</Filter>
    </ClCompile>
    <ClCompile Include="..\Private\PlayerDash.cpp">
      <Filter>03.DesignPattern\State\PlayerState</Filter>
    </ClCompile>
    <ClCompile Include="..\Private\PlayerJump.cpp">
      <Filter>03.DesignPattern\State\PlayerState</Filter>
    </ClCompile>
    <ClCompile Include="..\Private\WaterSkul.cpp">
      <Filter>02.GameObject\Player\WaterSkul</Filter>
    </ClCompile>
    <ClCompile Include="..\Private\FileLoader.cpp">
      <Filter>06.Utility</Filter>
    </ClCompile>
    <ClCompile Include="..\Private\Tile.cpp">
      <Filter>02.GameObject\Tile</Filter>
    </ClCompile>
    <ClCompile Include="..\Private\Environment.cpp">
      <Filter>02.GameObject\Environment</Filter>
    </ClCompile>
    <ClCompile Include="..\Private\Skill.cpp">
      <Filter>02.GameObject\Skill</Filter>
    </ClCompile>
  </ItemGroup>
  <ItemGroup>
    <Image Include="Client.ico">
      <Filter>98.Default</Filter>
    </Image>
    <Image Include="small.ico">
      <Filter>98.Default</Filter>
    </Image>
  </ItemGroup>
  <ItemGroup>
    <ResourceCompile Include="Client.rc">
      <Filter>98.Default</Filter>
    </ResourceCompile>
  </ItemGroup>
  <ItemGroup>
    <Text Include="ReadMe.txt">
      <Filter>98.Default</Filter>
    </Text>
    <Text Include="노트.txt" />
  </ItemGroup>
  <ItemGroup>
    <FxCompile Include="..\Bin\ShaderFiles\Shader_VtxCube.hlsl">
      <Filter>97.ShaderFiles\Buffer</Filter>
    </FxCompile>
    <FxCompile Include="..\Bin\ShaderFiles\Shader_VtxInstance.hlsl">
      <Filter>97.ShaderFiles\Instance</Filter>
    </FxCompile>
    <FxCompile Include="..\Bin\ShaderFiles\Shader_VtxPointInstance.hlsl">
      <Filter>97.ShaderFiles\Instance</Filter>
    </FxCompile>
    <FxCompile Include="..\Bin\ShaderFiles\Shader_VtxNorTex.hlsl">
      <Filter>97.ShaderFiles\Buffer</Filter>
    </FxCompile>
    <FxCompile Include="..\Bin\ShaderFiles\Shader_VtxAnimModel.hlsl">
      <Filter>97.ShaderFiles\Model</Filter>
    </FxCompile>
    <FxCompile Include="..\Bin\ShaderFiles\Shader_VtxModel.hlsl">
      <Filter>97.ShaderFiles\Model</Filter>
    </FxCompile>
    <FxCompile Include="..\Bin\ShaderFiles\Shader_Vtxtex.hlsl">
      <Filter>97.ShaderFiles\Buffer</Filter>
    </FxCompile>
  </ItemGroup>
</Project>